
Microsoft Visual Studio Solution File, Format Version 12.00
# Visual Studio Version 17
VisualStudioVersion = 17.9.34616.47
MinimumVisualStudioVersion = 10.0.40219.1
Project("{FAE04EC0-301F-11D3-BF4B-00C04F79EFBC}") = "Project5Phase4", "Project5Phase4\Project5Phase4.csproj", "{1E4779BB-9779-469B-9207-347F3FF96F2C}"
EndProject
Global
	GlobalSection(SolutionConfigurationPlatforms) = preSolution
		Debug|Any CPU = Debug|Any CPU
		Release|Any CPU = Release|Any CPU
	EndGlobalSection
	GlobalSection(ProjectConfigurationPlatforms) = postSolution
		{1E4779BB-9779-469B-9207-347F3FF96F2C}.Debug|Any CPU.ActiveCfg = Debug|Any CPU
		{1E4779BB-9779-469B-9207-347F3FF96F2C}.Debug|Any CPU.Build.0 = Debug|Any CPU
		{1E4779BB-9779-469B-9207-347F3FF96F2C}.Release|Any CPU.ActiveCfg = Release|Any CPU
		{1E4779BB-9779-469B-9207-347F3FF96F2C}.Release|Any CPU.Build.0 = Release|Any CPU
	EndGlobalSection
	GlobalSection(SolutionProperties) = preSolution
		HideSolutionNode = FALSE
	EndGlobalSection
	GlobalSection(ExtensibilityGlobals) = postSolution
		SolutionGuid = {A3677621-6EF4-41F3-A428-0069582D4FEB}
	EndGlobalSection
EndGlobal
